
Microsoft Visual Studio Solution File, Format Version 12.00
# Visual Studio 2013
VisualStudioVersion = 12.0.30723.0
MinimumVisualStudioVersion = 10.0.40219.1
Project("{FAE04EC0-301F-11D3-BF4B-00C04F79EFBC}") = "Articles", "Articles\Articles.csproj", "{7EFF48FF-5369-41EF-855A-B966C9FEC9F1}"
EndProject
Project("{FAE04EC0-301F-11D3-BF4B-00C04F79EFBC}") = "Data", "Data\Data.csproj", "{3C863B6C-64DD-407E-8EC0-9961A6F8E0CA}"
EndProject
Project("{FAE04EC0-301F-11D3-BF4B-00C04F79EFBC}") = "Services", "Services\Services.csproj", "{2298916D-CD07-4C9C-BB80-62BF8D9C8ACB}"
EndProject
Global
	GlobalSection(SolutionConfigurationPlatforms) = preSolution
		Debug|Any CPU = Debug|Any CPU
		Release|Any CPU = Release|Any CPU
	EndGlobalSection
	GlobalSection(ProjectConfigurationPlatforms) = postSolution
		{7EFF48FF-5369-41EF-855A-B966C9FEC9F1}.Debug|Any CPU.ActiveCfg = Debug|Any CPU
		{7EFF48FF-5369-41EF-855A-B966C9FEC9F1}.Debug|Any CPU.Build.0 = Debug|Any CPU
		{7EFF48FF-5369-41EF-855A-B966C9FEC9F1}.Release|Any CPU.ActiveCfg = Release|Any CPU
		{7EFF48FF-5369-41EF-855A-B966C9FEC9F1}.Release|Any CPU.Build.0 = Release|Any CPU
		{3C863B6C-64DD-407E-8EC0-9961A6F8E0CA}.Debug|Any CPU.ActiveCfg = Debug|Any CPU
		{3C863B6C-64DD-407E-8EC0-9961A6F8E0CA}.Debug|Any CPU.Build.0 = Debug|Any CPU
		{3C863B6C-64DD-407E-8EC0-9961A6F8E0CA}.Release|Any CPU.ActiveCfg = Release|Any CPU
		{3C863B6C-64DD-407E-8EC0-9961A6F8E0CA}.Release|Any CPU.Build.0 = Release|Any CPU
		{2298916D-CD07-4C9C-BB80-62BF8D9C8ACB}.Debug|Any CPU.ActiveCfg = Debug|Any CPU
		{2298916D-CD07-4C9C-BB80-62BF8D9C8ACB}.Debug|Any CPU.Build.0 = Debug|Any CPU
		{2298916D-CD07-4C9C-BB80-62BF8D9C8ACB}.Release|Any CPU.ActiveCfg = Release|Any CPU
		{2298916D-CD07-4C9C-BB80-62BF8D9C8ACB}.Release|Any CPU.Build.0 = Release|Any CPU
	EndGlobalSection
	GlobalSection(SolutionProperties) = preSolution
		HideSolutionNode = FALSE
	EndGlobalSection
EndGlobal
